// !$*UTF8*$!
{
	archiveVersion = 1;
	classes = {
	};
	objectVersion = 48;
	objects = {

/* Begin PBXBuildFile section */
		83D650D72027F2BE000B99AA /* AppDelegate.swift in Sources */ = {isa = PBXBuildFile; fileRef = 83D650D62027F2BE000B99AA /* AppDelegate.swift */; };
		83D650D92027F2BE000B99AA /* ViewController.swift in Sources */ = {isa = PBXBuildFile; fileRef = 83D650D82027F2BE000B99AA /* ViewController.swift */; };
		83D650DC2027F2BE000B99AA /* Main.storyboard in Resources */ = {isa = PBXBuildFile; fileRef = 83D650DA2027F2BE000B99AA /* Main.storyboard */; };
		83D650DE2027F2BE000B99AA /* Assets.xcassets in Resources */ = {isa = PBXBuildFile; fileRef = 83D650DD2027F2BE000B99AA /* Assets.xcassets */; };
		83D650E12027F2BE000B99AA /* LaunchScreen.storyboard in Resources */ = {isa = PBXBuildFile; fileRef = 83D650DF2027F2BE000B99AA /* LaunchScreen.storyboard */; };
		83D650EC2027F2BE000B99AA /* Parse_ChatTests.swift in Sources */ = {isa = PBXBuildFile; fileRef = 83D650EB2027F2BE000B99AA /* Parse_ChatTests.swift */; };
		83D650F72027F2BE000B99AA /* Parse_ChatUITests.swift in Sources */ = {isa = PBXBuildFile; fileRef = 83D650F62027F2BE000B99AA /* Parse_ChatUITests.swift */; };
/* End PBXBuildFile section */

/* Begin PBXContainerItemProxy section */
		83D650E82027F2BE000B99AA /* PBXContainerItemProxy */ = {
			isa = PBXContainerItemProxy;
			containerPortal = 83D650CB2027F2BD000B99AA /* Project object */;
			proxyType = 1;
			remoteGlobalIDString = 83D650D22027F2BE000B99AA;
			remoteInfo = "Parse Chat";
		};
		83D650F32027F2BE000B99AA /* PBXContainerItemProxy */ = {
			isa = PBXContainerItemProxy;
			containerPortal = 83D650CB2027F2BD000B99AA /* Project object */;
			proxyType = 1;
			remoteGlobalIDString = 83D650D22027F2BE000B99AA;
			remoteInfo = "Parse Chat";
		};
/* End PBXContainerItemProxy section */

/* Begin PBXFileReference section */
		83D650D32027F2BE000B99AA /* Parse Chat.app */ = {isa = PBXFileReference; explicitFileType = wrapper.application; includeInIndex = 0; path = "Parse Chat.app"; sourceTree = BUILT_PRODUCTS_DIR; };
		83D650D62027F2BE000B99AA /* AppDelegate.swift */ = {isa = PBXFileReference; lastKnownFileType = sourcecode.swift; path = AppDelegate.swift; sourceTree = "<group>"; };
		83D650D82027F2BE000B99AA /* ViewController.swift */ = {isa = PBXFileReference; lastKnownFileType = sourcecode.swift; path = ViewController.swift; sourceTree = "<group>"; };
		83D650DB2027F2BE000B99AA /* Base */ = {isa = PBXFileReference; lastKnownFileType = file.storyboard; name = Base; path = Base.lproj/Main.storyboard; sourceTree = "<group>"; };
		83D650DD2027F2BE000B99AA /* Assets.xcassets */ = {isa = PBXFileReference; lastKnownFileType = folder.assetcatalog; path = Assets.xcassets; sourceTree = "<group>"; };
		83D650E02027F2BE000B99AA /* Base */ = {isa = PBXFileReference; lastKnownFileType = file.storyboard; name = Base; path = Base.lproj/LaunchScreen.storyboard; sourceTree = "<group>"; };
		83D650E22027F2BE000B99AA /* Info.plist */ = {isa = PBXFileReference; lastKnownFileType = text.plist.xml; path = Info.plist; sourceTree = "<group>"; };
		83D650E72027F2BE000B99AA /* Parse ChatTests.xctest */ = {isa = PBXFileReference; explicitFileType = wrapper.cfbundle; includeInIndex = 0; path = "Parse ChatTests.xctest"; sourceTree = BUILT_PRODUCTS_DIR; };
		83D650EB2027F2BE000B99AA /* Parse_ChatTests.swift */ = {isa = PBXFileReference; lastKnownFileType = sourcecode.swift; path = Parse_ChatTests.swift; sourceTree = "<group>"; };
		83D650ED2027F2BE000B99AA /* Info.plist */ = {isa = PBXFileReference; lastKnownFileType = text.plist.xml; path = Info.plist; sourceTree = "<group>"; };
		83D650F22027F2BE000B99AA /* Parse ChatUITests.xctest */ = {isa = PBXFileReference; explicitFileType = wrapper.cfbundle; includeInIndex = 0; path = "Parse ChatUITests.xctest"; sourceTree = BUILT_PRODUCTS_DIR; };
		83D650F62027F2BE000B99AA /* Parse_ChatUITests.swift */ = {isa = PBXFileReference; lastKnownFileType = sourcecode.swift; path = Parse_ChatUITests.swift; sourceTree = "<group>"; };
		83D650F82027F2BE000B99AA /* Info.plist */ = {isa = PBXFileReference; lastKnownFileType = text.plist.xml; path = Info.plist; sourceTree = "<group>"; };
/* End PBXFileReference section */

/* Begin PBXFrameworksBuildPhase section */
		83D650D02027F2BE000B99AA /* Frameworks */ = {
			isa = PBXFrameworksBuildPhase;
			buildActionMask = 2147483647;
			files = (
			);
			runOnlyForDeploymentPostprocessing = 0;
		};
		83D650E42027F2BE000B99AA /* Frameworks */ = {
			isa = PBXFrameworksBuildPhase;
			buildActionMask = 2147483647;
			files = (
			);
			runOnlyForDeploymentPostprocessing = 0;
		};
		83D650EF2027F2BE000B99AA /* Frameworks */ = {
			isa = PBXFrameworksBuildPhase;
			buildActionMask = 2147483647;
			files = (
			);
			runOnlyForDeploymentPostprocessing = 0;
		};
/* End PBXFrameworksBuildPhase section */

/* Begin PBXGroup section */
		83D650CA2027F2BD000B99AA = {
			isa = PBXGroup;
			children = (
				83D650D52027F2BE000B99AA /* Parse Chat */,
				83D650EA2027F2BE000B99AA /* Parse ChatTests */,
				83D650F52027F2BE000B99AA /* Parse ChatUITests */,
				83D650D42027F2BE000B99AA /* Products */,
			);
			sourceTree = "<group>";
		};
		83D650D42027F2BE000B99AA /* Products */ = {
			isa = PBXGroup;
			children = (
				83D650D32027F2BE000B99AA /* Parse Chat.app */,
				83D650E72027F2BE000B99AA /* Parse ChatTests.xctest */,
				83D650F22027F2BE000B99AA /* Parse ChatUITests.xctest */,
			);
			name = Products;
			sourceTree = "<group>";
		};
		83D650D52027F2BE000B99AA /* Parse Chat */ = {
			isa = PBXGroup;
			children = (
				83D650D62027F2BE000B99AA /* AppDelegate.swift */,
				83D650D82027F2BE000B99AA /* ViewController.swift */,
				83D650DA2027F2BE000B99AA /* Main.storyboard */,
				83D650DD2027F2BE000B99AA /* Assets.xcassets */,
				83D650DF2027F2BE000B99AA /* LaunchScreen.storyboard */,
				83D650E22027F2BE000B99AA /* Info.plist */,
			);
			path = "Parse Chat";
			sourceTree = "<group>";
		};
		83D650EA2027F2BE000B99AA /* Parse ChatTests */ = {
			isa = PBXGroup;
			children = (
				83D650EB2027F2BE000B99AA /* Parse_ChatTests.swift */,
				83D650ED2027F2BE000B99AA /* Info.plist */,
			);
			path = "Parse ChatTests";
			sourceTree = "<group>";
		};
		83D650F52027F2BE000B99AA /* Parse ChatUITests */ = {
			isa = PBXGroup;
			children = (
				83D650F62027F2BE000B99AA /* Parse_ChatUITests.swift */,
				83D650F82027F2BE000B99AA /* Info.plist */,
			);
			path = "Parse ChatUITests";
			sourceTree = "<group>";
		};
/* End PBXGroup section */

/* Begin PBXNativeTarget section */
		83D650D22027F2BE000B99AA /* Parse Chat */ = {
			isa = PBXNativeTarget;
			buildConfigurationList = 83D650FB2027F2BE000B99AA /* Build configuration list for PBXNativeTarget "Parse Chat" */;
			buildPhases = (
				83D650CF2027F2BE000B99AA /* Sources */,
				83D650D02027F2BE000B99AA /* Frameworks */,
				83D650D12027F2BE000B99AA /* Resources */,
			);
			buildRules = (
			);
			dependencies = (
			);
			name = "Parse Chat";
			productName = "Parse Chat";
			productReference = 83D650D32027F2BE000B99AA /* Parse Chat.app */;
			productType = "com.apple.product-type.application";
		};
		83D650E62027F2BE000B99AA /* Parse ChatTests */ = {
			isa = PBXNativeTarget;
			buildConfigurationList = 83D650FE2027F2BE000B99AA /* Build configuration list for PBXNativeTarget "Parse ChatTests" */;
			buildPhases = (
				83D650E32027F2BE000B99AA /* Sources */,
				83D650E42027F2BE000B99AA /* Frameworks */,
				83D650E52027F2BE000B99AA /* Resources */,
			);
			buildRules = (
			);
			dependencies = (
				83D650E92027F2BE000B99AA /* PBXTargetDependency */,
			);
			name = "Parse ChatTests";
			productName = "Parse ChatTests";
			productReference = 83D650E72027F2BE000B99AA /* Parse ChatTests.xctest */;
			productType = "com.apple.product-type.bundle.unit-test";
		};
		83D650F12027F2BE000B99AA /* Parse ChatUITests */ = {
			isa = PBXNativeTarget;
			buildConfigurationList = 83D651012027F2BE000B99AA /* Build configuration list for PBXNativeTarget "Parse ChatUITests" */;
			buildPhases = (
				83D650EE2027F2BE000B99AA /* Sources */,
				83D650EF2027F2BE000B99AA /* Frameworks */,
				83D650F02027F2BE000B99AA /* Resources */,
			);
			buildRules = (
			);
			dependencies = (
				83D650F42027F2BE000B99AA /* PBXTargetDependency */,
			);
			name = "Parse ChatUITests";
			productName = "Parse ChatUITests";
			productReference = 83D650F22027F2BE000B99AA /* Parse ChatUITests.xctest */;
			productType = "com.apple.product-type.bundle.ui-testing";
		};
/* End PBXNativeTarget section */

/* Begin PBXProject section */
		83D650CB2027F2BD000B99AA /* Project object */ = {
			isa = PBXProject;
			attributes = {
				LastSwiftUpdateCheck = 0920;
				LastUpgradeCheck = 0920;
				ORGANIZATIONNAME = jdidat;
				TargetAttributes = {
					83D650D22027F2BE000B99AA = {
						CreatedOnToolsVersion = 9.2;
						ProvisioningStyle = Automatic;
					};
					83D650E62027F2BE000B99AA = {
						CreatedOnToolsVersion = 9.2;
						ProvisioningStyle = Automatic;
						TestTargetID = 83D650D22027F2BE000B99AA;
					};
					83D650F12027F2BE000B99AA = {
						CreatedOnToolsVersion = 9.2;
						ProvisioningStyle = Automatic;
						TestTargetID = 83D650D22027F2BE000B99AA;
					};
				};
			};
			buildConfigurationList = 83D650CE2027F2BD000B99AA /* Build configuration list for PBXProject "Parse Chat" */;
			compatibilityVersion = "Xcode 8.0";
			developmentRegion = en;
			hasScannedForEncodings = 0;
			knownRegions = (
				en,
				Base,
			);
			mainGroup = 83D650CA2027F2BD000B99AA;
			productRefGroup = 83D650D42027F2BE000B99AA /* Products */;
			projectDirPath = "";
			projectRoot = "";
			targets = (
				83D650D22027F2BE000B99AA /* Parse Chat */,
				83D650E62027F2BE000B99AA /* Parse ChatTests */,
				83D650F12027F2BE000B99AA /* Parse ChatUITests */,
			);
		};
/* End PBXProject section */

/* Begin PBXResourcesBuildPhase section */
		83D650D12027F2BE000B99AA /* Resources */ = {
			isa = PBXResourcesBuildPhase;
			buildActionMask = 2147483647;
			files = (
				83D650E12027F2BE000B99AA /* LaunchScreen.storyboard in Resources */,
				83D650DE2027F2BE000B99AA /* Assets.xcassets in Resources */,
				83D650DC2027F2BE000B99AA /* Main.storyboard in Resources */,
			);
			runOnlyForDeploymentPostprocessing = 0;
		};
		83D650E52027F2BE000B99AA /* Resources */ = {
			isa = PBXResourcesBuildPhase;
			buildActionMask = 2147483647;
			files = (
			);
			runOnlyForDeploymentPostprocessing = 0;
		};
		83D650F02027F2BE000B99AA /* Resources */ = {
			isa = PBXResourcesBuildPhase;
			buildActionMask = 2147483647;
			files = (
			);
			runOnlyForDeploymentPostprocessing = 0;
		};
/* End PBXResourcesBuildPhase section */

/* Begin PBXSourcesBuildPhase section */
		83D650CF2027F2BE000B99AA /* Sources */ = {
			isa = PBXSourcesBuildPhase;
			buildActionMask = 2147483647;
			files = (
				83D650D92027F2BE000B99AA /* ViewController.swift in Sources */,
				83D650D72027F2BE000B99AA /* AppDelegate.swift in Sources */,
			);
			runOnlyForDeploymentPostprocessing = 0;
		};
		83D650E32027F2BE000B99AA /* Sources */ = {
			isa = PBXSourcesBuildPhase;
			buildActionMask = 2147483647;
			files = (
				83D650EC2027F2BE000B99AA /* Parse_ChatTests.swift in Sources */,
			);
			runOnlyForDeploymentPostprocessing = 0;
		};
		83D650EE2027F2BE000B99AA /* Sources */ = {
			isa = PBXSourcesBuildPhase;
			buildActionMask = 2147483647;
			files = (
				83D650F72027F2BE000B99AA /* Parse_ChatUITests.swift in Sources */,
			);
			runOnlyForDeploymentPostprocessing = 0;
		};
/* End PBXSourcesBuildPhase section */

/* Begin PBXTargetDependency section */
		83D650E92027F2BE000B99AA /* PBXTargetDependency */ = {
			isa = PBXTargetDependency;
			target = 83D650D22027F2BE000B99AA /* Parse Chat */;
			targetProxy = 83D650E82027F2BE000B99AA /* PBXContainerItemProxy */;
		};
		83D650F42027F2BE000B99AA /* PBXTargetDependency */ = {
			isa = PBXTargetDependency;
			target = 83D650D22027F2BE000B99AA /* Parse Chat */;
			targetProxy = 83D650F32027F2BE000B99AA /* PBXContainerItemProxy */;
		};
/* End PBXTargetDependency section */

/* Begin PBXVariantGroup section */
		83D650DA2027F2BE000B99AA /* Main.storyboard */ = {
			isa = PBXVariantGroup;
			children = (
				83D650DB2027F2BE000B99AA /* Base */,
			);
			name = Main.storyboard;
			sourceTree = "<group>";
		};
		83D650DF2027F2BE000B99AA /* LaunchScreen.storyboard */ = {
			isa = PBXVariantGroup;
			children = (
				83D650E02027F2BE000B99AA /* Base */,
			);
			name = LaunchScreen.storyboard;
			sourceTree = "<group>";
		};
/* End PBXVariantGroup section */

/* Begin XCBuildConfiguration section */
		83D650F92027F2BE000B99AA /* Debug */ = {
			isa = XCBuildConfiguration;
			buildSettings = {
				ALWAYS_SEARCH_USER_PATHS = NO;
				CLANG_ANALYZER_NONNULL = YES;
				CLANG_ANALYZER_NUMBER_OBJECT_CONVERSION = YES_AGGRESSIVE;
				CLANG_CXX_LANGUAGE_STANDARD = "gnu++14";
				CLANG_CXX_LIBRARY = "libc++";
				CLANG_ENABLE_MODULES = YES;
				CLANG_ENABLE_OBJC_ARC = YES;
				CLANG_WARN_BLOCK_CAPTURE_AUTORELEASING = YES;
				CLANG_WARN_BOOL_CONVERSION = YES;
				CLANG_WARN_COMMA = YES;
				CLANG_WARN_CONSTANT_CONVERSION = YES;
				CLANG_WARN_DIRECT_OBJC_ISA_USAGE = YES_ERROR;
				CLANG_WARN_DOCUMENTATION_COMMENTS = YES;
				CLANG_WARN_EMPTY_BODY = YES;
				CLANG_WARN_ENUM_CONVERSION = YES;
				CLANG_WARN_INFINITE_RECURSION = YES;
				CLANG_WARN_INT_CONVERSION = YES;
				CLANG_WARN_NON_LITERAL_NULL_CONVERSION = YES;
				CLANG_WARN_OBJC_LITERAL_CONVERSION = YES;
				CLANG_WARN_OBJC_ROOT_CLASS = YES_ERROR;
				CLANG_WARN_RANGE_LOOP_ANALYSIS = YES;
				CLANG_WARN_STRICT_PROTOTYPES = YES;
				CLANG_WARN_SUSPICIOUS_MOVE = YES;
				CLANG_WARN_UNGUARDED_AVAILABILITY = YES_AGGRESSIVE;
				CLANG_WARN_UNREACHABLE_CODE = YES;
				CLANG_WARN__DUPLICATE_METHOD_MATCH = YES;
				CODE_SIGN_IDENTITY = "iPhone Developer";
				COPY_PHASE_STRIP = NO;
				DEBUG_INFORMATION_FORMAT = dwarf;
				ENABLE_STRICT_OBJC_MSGSEND = YES;
				ENABLE_TESTABILITY = YES;
				GCC_C_LANGUAGE_STANDARD = gnu11;
				GCC_DYNAMIC_NO_PIC = NO;
				GCC_NO_COMMON_BLOCKS = YES;
				GCC_OPTIMIZATION_LEVEL = 0;
				GCC_PREPROCESSOR_DEFINITIONS = (
					"DEBUG=1",
					"$(inherited)",
				);
				GCC_WARN_64_TO_32_BIT_CONVERSION = YES;
				GCC_WARN_ABOUT_RETURN_TYPE = YES_ERROR;
				GCC_WARN_UNDECLARED_SELECTOR = YES;
				GCC_WARN_UNINITIALIZED_AUTOS = YES_AGGRESSIVE;
				GCC_WARN_UNUSED_FUNCTION = YES;
				GCC_WARN_UNUSED_VARIABLE = YES;
				IPHONEOS_DEPLOYMENT_TARGET = 11.2;
				MTL_ENABLE_DEBUG_INFO = YES;
				ONLY_ACTIVE_ARCH = YES;
				SDKROOT = iphoneos;
				SWIFT_ACTIVE_COMPILATION_CONDITIONS = DEBUG;
				SWIFT_OPTIMIZATION_LEVEL = "-Onone";
			};
			name = Debug;
		};
		83D650FA2027F2BE000B99AA /* Release */ = {
			isa = XCBuildConfiguration;
			buildSettings = {
				ALWAYS_SEARCH_USER_PATHS = NO;
				CLANG_ANALYZER_NONNULL = YES;
				CLANG_ANALYZER_NUMBER_OBJECT_CONVERSION = YES_AGGRESSIVE;
				CLANG_CXX_LANGUAGE_STANDARD = "gnu++14";
				CLANG_CXX_LIBRARY = "libc++";
				CLANG_ENABLE_MODULES = YES;
				CLANG_ENABLE_OBJC_ARC = YES;
				CLANG_WARN_BLOCK_CAPTURE_AUTORELEASING = YES;
				CLANG_WARN_BOOL_CONVERSION = YES;
				CLANG_WARN_COMMA = YES;
				CLANG_WARN_CONSTANT_CONVERSION = YES;
				CLANG_WARN_DIRECT_OBJC_ISA_USAGE = YES_ERROR;
				CLANG_WARN_DOCUMENTATION_COMMENTS = YES;
				CLANG_WARN_EMPTY_BODY = YES;
				CLANG_WARN_ENUM_CONVERSION = YES;
				CLANG_WARN_INFINITE_RECURSION = YES;
				CLANG_WARN_INT_CONVERSION = YES;
				CLANG_WARN_NON_LITERAL_NULL_CONVERSION = YES;
				CLANG_WARN_OBJC_LITERAL_CONVERSION = YES;
				CLANG_WARN_OBJC_ROOT_CLASS = YES_ERROR;
				CLANG_WARN_RANGE_LOOP_ANALYSIS = YES;
				CLANG_WARN_STRICT_PROTOTYPES = YES;
				CLANG_WARN_SUSPICIOUS_MOVE = YES;
				CLANG_WARN_UNGUARDED_AVAILABILITY = YES_AGGRESSIVE;
				CLANG_WARN_UNREACHABLE_CODE = YES;
				CLANG_WARN__DUPLICATE_METHOD_MATCH = YES;
				CODE_SIGN_IDENTITY = "iPhone Developer";
				COPY_PHASE_STRIP = NO;
				DEBUG_INFORMATION_FORMAT = "dwarf-with-dsym";
				ENABLE_NS_ASSERTIONS = NO;
				ENABLE_STRICT_OBJC_MSGSEND = YES;
				GCC_C_LANGUAGE_STANDARD = gnu11;
				GCC_NO_COMMON_BLOCKS = YES;
				GCC_WARN_64_TO_32_BIT_CONVERSION = YES;
				GCC_WARN_ABOUT_RETURN_TYPE = YES_ERROR;
				GCC_WARN_UNDECLARED_SELECTOR = YES;
				GCC_WARN_UNINITIALIZED_AUTOS = YES_AGGRESSIVE;
				GCC_WARN_UNUSED_FUNCTION = YES;
				GCC_WARN_UNUSED_VARIABLE = YES;
				IPHONEOS_DEPLOYMENT_TARGET = 11.2;
				MTL_ENABLE_DEBUG_INFO = NO;
				SDKROOT = iphoneos;
				SWIFT_OPTIMIZATION_LEVEL = "-Owholemodule";
				VALIDATE_PRODUCT = YES;
			};
			name = Release;
		};
		83D650FC2027F2BE000B99AA /* Debug */ = {
			isa = XCBuildConfiguration;
			buildSettings = {
				ASSETCATALOG_COMPILER_APPICON_NAME = AppIcon;
				CODE_SIGN_STYLE = Automatic;
				INFOPLIST_FILE = "Parse Chat/Info.plist";
				LD_RUNPATH_SEARCH_PATHS = "$(inherited) @executable_path/Frameworks";
				PRODUCT_BUNDLE_IDENTIFIER = "jdidat.Parse-Chat";
				PRODUCT_NAME = "$(TARGET_NAME)";
				SWIFT_VERSION = 4.0;
				TARGETED_DEVICE_FAMILY = "1,2";
			};
			name = Debug;
		};
		83D650FD2027F2BE000B99AA /* Release */ = {
			isa = XCBuildConfiguration;
			buildSettings = {
				ASSETCATALOG_COMPILER_APPICON_NAME = AppIcon;
				CODE_SIGN_STYLE = Automatic;
				INFOPLIST_FILE = "Parse Chat/Info.plist";
				LD_RUNPATH_SEARCH_PATHS = "$(inherited) @executable_path/Frameworks";
				PRODUCT_BUNDLE_IDENTIFIER = "jdidat.Parse-Chat";
				PRODUCT_NAME = "$(TARGET_NAME)";
				SWIFT_VERSION = 4.0;
				TARGETED_DEVICE_FAMILY = "1,2";
			};
			name = Release;
		};
		83D650FF2027F2BE000B99AA /* Debug */ = {
			isa = XCBuildConfiguration;
			buildSettings = {
				ALWAYS_EMBED_SWIFT_STANDARD_LIBRARIES = YES;
				BUNDLE_LOADER = "$(TEST_HOST)";
				CODE_SIGN_STYLE = Automatic;
				INFOPLIST_FILE = "Parse ChatTests/Info.plist";
				LD_RUNPATH_SEARCH_PATHS = "$(inherited) @executable_path/Frameworks @loader_path/Frameworks";
				PRODUCT_BUNDLE_IDENTIFIER = "jdidat.Parse-ChatTests";
				PRODUCT_NAME = "$(TARGET_NAME)";
				SWIFT_VERSION = 4.0;
				TARGETED_DEVICE_FAMILY = "1,2";
				TEST_HOST = "$(BUILT_PRODUCTS_DIR)/Parse Chat.app/Parse Chat";
			};
			name = Debug;
		};
		83D651002027F2BE000B99AA /* Release */ = {
			isa = XCBuildConfiguration;
			buildSettings = {
				ALWAYS_EMBED_SWIFT_STANDARD_LIBRARIES = YES;
				BUNDLE_LOADER = "$(TEST_HOST)";
				CODE_SIGN_STYLE = Automatic;
				INFOPLIST_FILE = "Parse ChatTests/Info.plist";
				LD_RUNPATH_SEARCH_PATHS = "$(inherited) @executable_path/Frameworks @loader_path/Frameworks";
				PRODUCT_BUNDLE_IDENTIFIER = "jdidat.Parse-ChatTests";
				PRODUCT_NAME = "$(TARGET_NAME)";
				SWIFT_VERSION = 4.0;
				TARGETED_DEVICE_FAMILY = "1,2";
				TEST_HOST = "$(BUILT_PRODUCTS_DIR)/Parse Chat.app/Parse Chat";
			};
			name = Release;
		};
		83D651022027F2BE000B99AA /* Debug */ = {
			isa = XCBuildConfiguration;
			buildSettings = {
				ALWAYS_EMBED_SWIFT_STANDARD_LIBRARIES = YES;
				CODE_SIGN_STYLE = Automatic;
				INFOPLIST_FILE = "Parse ChatUITests/Info.plist";
				LD_RUNPATH_SEARCH_PATHS = "$(inherited) @executable_path/Frameworks @loader_path/Frameworks";
				PRODUCT_BUNDLE_IDENTIFIER = "jdidat.Parse-ChatUITests";
				PRODUCT_NAME = "$(TARGET_NAME)";
				SWIFT_VERSION = 4.0;
				TARGETED_DEVICE_FAMILY = "1,2";
				TEST_TARGET_NAME = "Parse Chat";
			};
			name = Debug;
		};
		83D651032027F2BE000B99AA /* Release */ = {
			isa = XCBuildConfiguration;
			buildSettings = {
				ALWAYS_EMBED_SWIFT_STANDARD_LIBRARIES = YES;
				CODE_SIGN_STYLE = Automatic;
				INFOPLIST_FILE = "Parse ChatUITests/Info.plist";
				LD_RUNPATH_SEARCH_PATHS = "$(inherited) @executable_path/Frameworks @loader_path/Frameworks";
				PRODUCT_BUNDLE_IDENTIFIER = "jdidat.Parse-ChatUITests";
				PRODUCT_NAME = "$(TARGET_NAME)";
				SWIFT_VERSION = 4.0;
				TARGETED_DEVICE_FAMILY = "1,2";
				TEST_TARGET_NAME = "Parse Chat";
			};
			name = Release;
		};
/* End XCBuildConfiguration section */

/* Begin XCConfigurationList section */
		83D650CE2027F2BD000B99AA /* Build configuration list for PBXProject "Parse Chat" */ = {
			isa = XCConfigurationList;
			buildConfigurations = (
				83D650F92027F2BE000B99AA /* Debug */,
				83D650FA2027F2BE000B99AA /* Release */,
			);
			defaultConfigurationIsVisible = 0;
			defaultConfigurationName = Release;
		};
		83D650FB2027F2BE000B99AA /* Build configuration list for PBXNativeTarget "Parse Chat" */ = {
			isa = XCConfigurationList;
			buildConfigurations = (
				83D650FC2027F2BE000B99AA /* Debug */,
				83D650FD2027F2BE000B99AA /* Release */,
			);
			defaultConfigurationIsVisible = 0;
			defaultConfigurationName = Release;
		};
		83D650FE2027F2BE000B99AA /* Build configuration list for PBXNativeTarget "Parse ChatTests" */ = {
			isa = XCConfigurationList;
			buildConfigurations = (
				83D650FF2027F2BE000B99AA /* Debug */,
				83D651002027F2BE000B99AA /* Release */,
			);
			defaultConfigurationIsVisible = 0;
			defaultConfigurationName = Release;
		};
		83D651012027F2BE000B99AA /* Build configuration list for PBXNativeTarget "Parse ChatUITests" */ = {
			isa = XCConfigurationList;
			buildConfigurations = (
				83D651022027F2BE000B99AA /* Debug */,
				83D651032027F2BE000B99AA /* Release */,
			);
			defaultConfigurationIsVisible = 0;
			defaultConfigurationName = Release;
		};
/* End XCConfigurationList section */
	};
	rootObject = 83D650CB2027F2BD000B99AA /* Project object */;
}
